
Microsoft Visual Studio Solution File, Format Version 12.00
# Visual Studio 15
Project("{FAE04EC0-301F-11D3-BF4B-00C04F79EFBC}") = "Assembly-CSharp", "Assembly-CSharp.csproj", "{2CF92BEA-135A-ECF5-5F28-9A78B2EBD881}"
EndProject
Project("{FAE04EC0-301F-11D3-BF4B-00C04F79EFBC}") = "ParrelSync", "ParrelSync.csproj", "{7D553F6C-64B7-3A39-41C8-9F0B0C773099}"
EndProject
Project("{FAE04EC0-301F-11D3-BF4B-00C04F79EFBC}") = "Assembly-CSharp-Editor", "Assembly-CSharp-Editor.csproj", "{555E79F8-9F24-747B-B5E4-ECA74AEF0037}"
EndProject
Global
	GlobalSection(SolutionConfigurationPlatforms) = preSolution
		Debug|Any CPU = Debug|Any CPU
		Release|Any CPU = Release|Any CPU
	EndGlobalSection
	GlobalSection(ProjectConfigurationPlatforms) = postSolution
		{2CF92BEA-135A-ECF5-5F28-9A78B2EBD881}.Debug|Any CPU.ActiveCfg = Debug|Any CPU
		{2CF92BEA-135A-ECF5-5F28-9A78B2EBD881}.Debug|Any CPU.Build.0 = Debug|Any CPU
		{2CF92BEA-135A-ECF5-5F28-9A78B2EBD881}.Release|Any CPU.ActiveCfg = Release|Any CPU
		{2CF92BEA-135A-ECF5-5F28-9A78B2EBD881}.Release|Any CPU.Build.0 = Release|Any CPU
		{7D553F6C-64B7-3A39-41C8-9F0B0C773099}.Debug|Any CPU.ActiveCfg = Debug|Any CPU
		{7D553F6C-64B7-3A39-41C8-9F0B0C773099}.Debug|Any CPU.Build.0 = Debug|Any CPU
		{7D553F6C-64B7-3A39-41C8-9F0B0C773099}.Release|Any CPU.ActiveCfg = Release|Any CPU
		{7D553F6C-64B7-3A39-41C8-9F0B0C773099}.Release|Any CPU.Build.0 = Release|Any CPU
		{555E79F8-9F24-747B-B5E4-ECA74AEF0037}.Debug|Any CPU.ActiveCfg = Debug|Any CPU
		{555E79F8-9F24-747B-B5E4-ECA74AEF0037}.Debug|Any CPU.Build.0 = Debug|Any CPU
		{555E79F8-9F24-747B-B5E4-ECA74AEF0037}.Release|Any CPU.ActiveCfg = Release|Any CPU
		{555E79F8-9F24-747B-B5E4-ECA74AEF0037}.Release|Any CPU.Build.0 = Release|Any CPU
	EndGlobalSection
	GlobalSection(SolutionProperties) = preSolution
		HideSolutionNode = FALSE
	EndGlobalSection
EndGlobal
